<?xml version="1.0" encoding="utf-8"?>
<Project ToolsVersion="4.0" xmlns="http://schemas.microsoft.com/developer/msbuild/2003">
  <ItemGroup>
    <Filter Include="Source Files">
      <UniqueIdentifier>{4FC737F1-C7A5-4376-A066-2A32D752A2FF}</UniqueIdentifier>
      <Extensions>cpp;c;cc;cxx;c++;cppm;ixx;def;odl;idl;hpj;bat;asm;asmx</Extensions>
    </Filter>
    <Filter Include="Header Files">
      <UniqueIdentifier>{93995380-89BD-4b04-88EB-625FBE52EBFB}</UniqueIdentifier>
      <Extensions>h;hh;hpp;hxx;h++;hm;inl;inc;ipp;xsd</Extensions>
    </Filter>
    <Filter Include="Resource Files">
      <UniqueIdentifier>{67DA6AB6-F800-4c08-8B7A-83BB121AAD01}</UniqueIdentifier>
      <Extensions>rc;ico;cur;bmp;dlg;rc2;rct;bin;rgs;gif;jpg;jpeg;jpe;resx;tiff;tif;png;wav;mfcribbon-ms</Extensions>
    </Filter>
    <Filter Include="Header Files\importers">
      <UniqueIdentifier>{9c00dc08-2a15-45e0-95e6-8e1dcb40b292}</UniqueIdentifier>
    </Filter>
    <Filter Include="Header Files\init_structs">
      <UniqueIdentifier>{95887891-b328-4137-b8a8-08885144314a}</UniqueIdentifier>
    </Filter>
  </ItemGroup>
  <ItemGroup>
    <ClCompile Include="main.cpp">
      <Filter>Source Files</Filter>
    </ClCompile>
    <ClCompile Include="xe_engine.cpp">
      <Filter>Source Files</Filter>
    </ClCompile>
    <ClCompile Include="xe_utility.cpp">
      <Filter>Source Files</Filter>
    </ClCompile>
    <ClCompile Include="xe_deviceManager.cpp">
      <Filter>Source Files</Filter>
    </ClCompile>
    <ClCompile Include="xe_surface.cpp">
      <Filter>Source Files</Filter>
    </ClCompile>
    <ClCompile Include="xe_renderer.cpp">
      <Filter>Source Files</Filter>
    </ClCompile>
    <ClCompile Include="xe_util_impl.cpp">
      <Filter>Source Files</Filter>
    </ClCompile>
    <ClCompile Include="xe_texture.cpp">
      <Filter>Source Files</Filter>
    </ClCompile>
    <ClCompile Include="xe_descriptor_template.cpp">
      <Filter>Source Files</Filter>
    </ClCompile>
    <ClCompile Include="xe_buffer.cpp">
      <Filter>Source Files</Filter>
    </ClCompile>
    <ClCompile Include="xe_stream.cpp">
      <Filter>Source Files</Filter>
    </ClCompile>
    <ClCompile Include="xe_pipeline.cpp">
      <Filter>Source Files</Filter>
    </ClCompile>
    <ClCompile Include="xe_entity.cpp">
      <Filter>Source Files</Filter>
    </ClCompile>
    <ClCompile Include="xe_scene.cpp">
      <Filter>Source Files</Filter>
    </ClCompile>
    <ClCompile Include="factories.cpp">
      <Filter>Source Files</Filter>
    </ClCompile>
    <ClCompile Include="xe_material.cpp">
      <Filter>Source Files</Filter>
    </ClCompile>
    <ClCompile Include="xe_script.cpp">
      <Filter>Source Files</Filter>
    </ClCompile>
    <ClCompile Include="xe_memory.cpp">
      <Filter>Source Files</Filter>
    </ClCompile>
    <ClCompile Include="xe_api.cpp">
      <Filter>Source Files</Filter>
    </ClCompile>
  </ItemGroup>
  <ItemGroup>
    <ClInclude Include="xenon.h">
      <Filter>Header Files</Filter>
    </ClInclude>
    <ClInclude Include="xe_descriptor_template.h">
      <Filter>Header Files</Filter>
    </ClInclude>
    <ClInclude Include="xe_buffer.h">
      <Filter>Header Files</Filter>
    </ClInclude>
    <ClInclude Include="xe_stream.h">
      <Filter>Header Files</Filter>
    </ClInclude>
    <ClInclude Include="xe_mesh_importers.h">
      <Filter>Header Files\importers</Filter>
    </ClInclude>
    <ClInclude Include="factories.h">
      <Filter>Header Files\init_structs</Filter>
    </ClInclude>
    <ClInclude Include="xe_logger.h">
      <Filter>Header Files</Filter>
    </ClInclude>
    <ClInclude Include="shader_structs.h">
      <Filter>Header Files</Filter>
    </ClInclude>
    <ClInclude Include="xe_file.h">
      <Filter>Header Files</Filter>
    </ClInclude>
    <ClInclude Include="xe_api.h">
      <Filter>Header Files</Filter>
    </ClInclude>
  </ItemGroup>
  <ItemGroup>
    <None Include="packages.config" />
  </ItemGroup>
</Project>