
Microsoft Visual Studio Solution File, Format Version 12.00
# Visual Studio 15
VisualStudioVersion = 15.0.27703.2026
MinimumVisualStudioVersion = 10.0.40219.1
Project("{FAE04EC0-301F-11D3-BF4B-00C04F79EFBC}") = "Peridot", "Peridot\Peridot.csproj", "{EB201DC3-9CB7-4078-815D-08CF172C3E6B}"
EndProject
Project("{FAE04EC0-301F-11D3-BF4B-00C04F79EFBC}") = "PeridotServer", "PeridotServer\PeridotServer.csproj", "{C3D2596F-8B58-4E38-A927-34FD11D2E025}"
EndProject
Global
	GlobalSection(SolutionConfigurationPlatforms) = preSolution
		Debug|Any CPU = Debug|Any CPU
		Release|Any CPU = Release|Any CPU
	EndGlobalSection
	GlobalSection(ProjectConfigurationPlatforms) = postSolution
		{EB201DC3-9CB7-4078-815D-08CF172C3E6B}.Debug|Any CPU.ActiveCfg = Debug|Any CPU
		{EB201DC3-9CB7-4078-815D-08CF172C3E6B}.Debug|Any CPU.Build.0 = Debug|Any CPU
		{EB201DC3-9CB7-4078-815D-08CF172C3E6B}.Release|Any CPU.ActiveCfg = Release|Any CPU
		{EB201DC3-9CB7-4078-815D-08CF172C3E6B}.Release|Any CPU.Build.0 = Release|Any CPU
		{C3D2596F-8B58-4E38-A927-34FD11D2E025}.Debug|Any CPU.ActiveCfg = Debug|Any CPU
		{C3D2596F-8B58-4E38-A927-34FD11D2E025}.Debug|Any CPU.Build.0 = Debug|Any CPU
		{C3D2596F-8B58-4E38-A927-34FD11D2E025}.Release|Any CPU.ActiveCfg = Release|Any CPU
		{C3D2596F-8B58-4E38-A927-34FD11D2E025}.Release|Any CPU.Build.0 = Release|Any CPU
	EndGlobalSection
	GlobalSection(SolutionProperties) = preSolution
		HideSolutionNode = FALSE
	EndGlobalSection
	GlobalSection(ExtensibilityGlobals) = postSolution
		SolutionGuid = {6DD49F08-6B4C-41C8-BEA6-83C329F21013}
	EndGlobalSection
EndGlobal
